
Microsoft Visual Studio Solution File, Format Version 12.00
# Visual Studio Version 17
VisualStudioVersion = 17.1.32407.343
MinimumVisualStudioVersion = 10.0.40219.1
Project("{FAE04EC0-301F-11D3-BF4B-00C04F79EFBC}") = "Action2Blazor", "Action2Blazor\Action2Blazor.csproj", "{BAEB1EE6-9A06-4A99-A6C3-22E794D44C2F}"
EndProject
Global
	GlobalSection(SolutionConfigurationPlatforms) = preSolution
		Debug|Any CPU = Debug|Any CPU
		Release|Any CPU = Release|Any CPU
	EndGlobalSection
	GlobalSection(ProjectConfigurationPlatforms) = postSolution
		{BAEB1EE6-9A06-4A99-A6C3-22E794D44C2F}.Debug|Any CPU.ActiveCfg = Debug|Any CPU
		{BAEB1EE6-9A06-4A99-A6C3-22E794D44C2F}.Debug|Any CPU.Build.0 = Debug|Any CPU
		{BAEB1EE6-9A06-4A99-A6C3-22E794D44C2F}.Release|Any CPU.ActiveCfg = Release|Any CPU
		{BAEB1EE6-9A06-4A99-A6C3-22E794D44C2F}.Release|Any CPU.Build.0 = Release|Any CPU
	EndGlobalSection
	GlobalSection(SolutionProperties) = preSolution
		HideSolutionNode = FALSE
	EndGlobalSection
	GlobalSection(ExtensibilityGlobals) = postSolution
		SolutionGuid = {1E6ADABF-3B93-4D79-B2C8-94844752D7AC}
	EndGlobalSection
EndGlobal
